
Microsoft Visual Studio Solution File, Format Version 12.00
# Visual Studio Version 16
VisualStudioVersion = 16.0.30907.101
MinimumVisualStudioVersion = 15.0.26124.0
Project("{9A19103F-16F7-4668-BE54-9A1E7A4F7556}") = "Confluent.Kafka.DependencyInjection", "Confluent.Kafka.DependencyInjection\Confluent.Kafka.DependencyInjection.csproj", "{1EDE5BA6-FE4F-4CD9-9769-77FFD282909C}"
EndProject
Project("{2150E333-8FDC-42A3-9474-1A3956D46DE8}") = "Solution Items", "Solution Items", "{0F63BAD4-3419-405A-AB0E-F8E4C2E31C6D}"
	ProjectSection(SolutionItems) = preProject
		.editorconfig = .editorconfig
		.gitignore = .gitignore
		LICENSE = LICENSE
		README.md = README.md
	EndProjectSection
EndProject
Global
	GlobalSection(SolutionConfigurationPlatforms) = preSolution
		Debug|Any CPU = Debug|Any CPU
		Debug|x64 = Debug|x64
		Debug|x86 = Debug|x86
		Release|Any CPU = Release|Any CPU
		Release|x64 = Release|x64
		Release|x86 = Release|x86
	EndGlobalSection
	GlobalSection(ProjectConfigurationPlatforms) = postSolution
		{1EDE5BA6-FE4F-4CD9-9769-77FFD282909C}.Debug|Any CPU.ActiveCfg = Debug|Any CPU
		{1EDE5BA6-FE4F-4CD9-9769-77FFD282909C}.Debug|Any CPU.Build.0 = Debug|Any CPU
		{1EDE5BA6-FE4F-4CD9-9769-77FFD282909C}.Debug|x64.ActiveCfg = Debug|Any CPU
		{1EDE5BA6-FE4F-4CD9-9769-77FFD282909C}.Debug|x64.Build.0 = Debug|Any CPU
		{1EDE5BA6-FE4F-4CD9-9769-77FFD282909C}.Debug|x86.ActiveCfg = Debug|Any CPU
		{1EDE5BA6-FE4F-4CD9-9769-77FFD282909C}.Debug|x86.Build.0 = Debug|Any CPU
		{1EDE5BA6-FE4F-4CD9-9769-77FFD282909C}.Release|Any CPU.ActiveCfg = Release|Any CPU
		{1EDE5BA6-FE4F-4CD9-9769-77FFD282909C}.Release|Any CPU.Build.0 = Release|Any CPU
		{1EDE5BA6-FE4F-4CD9-9769-77FFD282909C}.Release|x64.ActiveCfg = Release|Any CPU
		{1EDE5BA6-FE4F-4CD9-9769-77FFD282909C}.Release|x64.Build.0 = Release|Any CPU
		{1EDE5BA6-FE4F-4CD9-9769-77FFD282909C}.Release|x86.ActiveCfg = Release|Any CPU
		{1EDE5BA6-FE4F-4CD9-9769-77FFD282909C}.Release|x86.Build.0 = Release|Any CPU
	EndGlobalSection
	GlobalSection(SolutionProperties) = preSolution
		HideSolutionNode = FALSE
	EndGlobalSection
	GlobalSection(ExtensibilityGlobals) = postSolution
		SolutionGuid = {1896CE79-3B3F-44EE-886B-0E08FFEF7005}
	EndGlobalSection
EndGlobal
